<?xml version="1.0" encoding="utf-8"?>
<Project ToolsVersion="4.0" xmlns="http://schemas.microsoft.com/developer/msbuild/2003">
  <ItemGroup>
    <ClInclude Include="..\..\api\api.h">
      <Filter>api</Filter>
    </ClInclude>
    <ClInclude Include="..\..\api\I_Calculator.h">
      <Filter>api</Filter>
    </ClInclude>
    <ClInclude Include="..\..\sources\C_Calculator.h">
      <Filter>sources\header files</Filter>
    </ClInclude>
    <ClInclude Include="..\..\sources\C_Parser.h">
      <Filter>sources\header files</Filter>
    </ClInclude>
    <ClInclude Include="..\..\sources\Commands.h">
      <Filter>sources\header files</Filter>
    </ClInclude>
  </ItemGroup>
  <ItemGroup>
    <ClCompile Include="dllmain.cpp" />
    <ClCompile Include="..\..\sources\C_Calculator.cpp">
      <Filter>sources\source files</Filter>
    </ClCompile>
    <ClCompile Include="..\..\sources\api.cpp">
      <Filter>sources\source files</Filter>
    </ClCompile>
    <ClCompile Include="..\..\sources\C_Parser.cpp">
      <Filter>sources\source files</Filter>
    </ClCompile>
    <ClCompile Include="..\..\sources\Commands.cpp">
      <Filter>sources\source files</Filter>
    </ClCompile>
  </ItemGroup>
  <ItemGroup>
    <Filter Include="api">
      <UniqueIdentifier>{924f07c0-aaeb-437f-8a82-b77e5238b9ed}</UniqueIdentifier>
    </Filter>
    <Filter Include="sources">
      <UniqueIdentifier>{80630913-6ac2-4585-87ab-9f9932abc2c0}</UniqueIdentifier>
    </Filter>
    <Filter Include="sources\header files">
      <UniqueIdentifier>{ad5e62aa-2bdc-4c45-857b-a3c0e0dae3e2}</UniqueIdentifier>
    </Filter>
    <Filter Include="sources\source files">
      <UniqueIdentifier>{a2c477f5-694e-4afc-8f3d-b6c3485c74cc}</UniqueIdentifier>
    </Filter>
  </ItemGroup>
</Project>