<?xml version="1.0" encoding="utf-8"?>
<Project ToolsVersion="4.0" xmlns="http://schemas.microsoft.com/developer/msbuild/2003">
  <ItemGroup>
    <ClInclude Include="..\..\api\api.h">
      <Filter>api</Filter>
    </ClInclude>
    <ClInclude Include="..\..\api\I_Calculator.h">
      <Filter>api</Filter>
    </ClInclude>
    <ClInclude Include="..\..\sources\C_Calculator.h">
      <Filter>sources</Filter>
    </ClInclude>
  </ItemGroup>
  <ItemGroup>
    <ClCompile Include="..\..\sources\C_Calculator.cpp">
      <Filter>sources</Filter>
    </ClCompile>
    <ClCompile Include="..\..\sources\api.cpp">
      <Filter>sources</Filter>
    </ClCompile>
  </ItemGroup>
  <ItemGroup>
    <Filter Include="api">
      <UniqueIdentifier>{20e150b8-8082-436b-8fb7-9c28827d435c}</UniqueIdentifier>
    </Filter>
    <Filter Include="sources">
      <UniqueIdentifier>{379e46fd-9cc3-4897-bcce-9e0ab3d5fb49}</UniqueIdentifier>
    </Filter>
  </ItemGroup>
</Project>